Microsoft Visual Studio Solution File, Format Version 12.00
# Visual Studio 2012
Project("{FAE04EC0-301F-11D3-BF4B-00C04F79EFBC}") = "godot-csharp-base", "godot-csharp-base.csproj", "{6A474A30-0CAB-43CE-B743-B9ABAD706C42}"
EndProject
Global
	GlobalSection(SolutionConfigurationPlatforms) = preSolution
	Debug|Any CPU = Debug|Any CPU
	ExportDebug|Any CPU = ExportDebug|Any CPU
	ExportRelease|Any CPU = ExportRelease|Any CPU
	EndGlobalSection
	GlobalSection(ProjectConfigurationPlatforms) = postSolution
		{6A474A30-0CAB-43CE-B743-B9ABAD706C42}.Debug|Any CPU.ActiveCfg = Debug|Any CPU
		{6A474A30-0CAB-43CE-B743-B9ABAD706C42}.Debug|Any CPU.Build.0 = Debug|Any CPU
		{6A474A30-0CAB-43CE-B743-B9ABAD706C42}.ExportDebug|Any CPU.ActiveCfg = ExportDebug|Any CPU
		{6A474A30-0CAB-43CE-B743-B9ABAD706C42}.ExportDebug|Any CPU.Build.0 = ExportDebug|Any CPU
		{6A474A30-0CAB-43CE-B743-B9ABAD706C42}.ExportRelease|Any CPU.ActiveCfg = ExportRelease|Any CPU
		{6A474A30-0CAB-43CE-B743-B9ABAD706C42}.ExportRelease|Any CPU.Build.0 = ExportRelease|Any CPU
	EndGlobalSection
EndGlobal
